<?xml version="1.0" encoding="utf-8"?>
<Project ToolsVersion="4.0" xmlns="http://schemas.microsoft.com/developer/msbuild/2003">
  <ItemGroup>
    <Filter Include="Source Files">
      <UniqueIdentifier>{4FC737F1-C7A5-4376-A066-2A32D752A2FF}</UniqueIdentifier>
      <Extensions>cpp;c;cc;cxx;def;odl;idl;hpj;bat;asm;asmx</Extensions>
    </Filter>
    <Filter Include="Header Files">
      <UniqueIdentifier>{93995380-89BD-4b04-88EB-625FBE52EBFB}</UniqueIdentifier>
      <Extensions>h;hh;hpp;hxx;hm;inl;inc;xsd</Extensions>
    </Filter>
    <Filter Include="Resource Files">
      <UniqueIdentifier>{67DA6AB6-F800-4c08-8B7A-83BB121AAD01}</UniqueIdentifier>
      <Extensions>rc;ico;cur;bmp;dlg;rc2;rct;bin;rgs;gif;jpg;jpeg;jpe;resx;tiff;tif;png;wav;mfcribbon-ms</Extensions>
    </Filter>
    <Filter Include="minirtl">
      <UniqueIdentifier>{1caf2f34-af91-46be-aa2e-1893b0be628c}</UniqueIdentifier>
    </Filter>
    <Filter Include="Header Files\modules">
      <UniqueIdentifier>{32e582cb-c743-4874-aeb2-0a4baea4fed3}</UniqueIdentifier>
    </Filter>
  </ItemGroup>
  <ItemGroup>
    <ClCompile Include="main.c">
      <Filter>Source Files</Filter>
    </ClCompile>
    <ClCompile Include="cmdline.c">
      <Filter>Source Files</Filter>
    </ClCompile>
    <ClCompile Include="sup.c">
      <Filter>Source Files</Filter>
    </ClCompile>
    <ClCompile Include="pitou.c">
      <Filter>Source Files</Filter>
    </ClCompile>
    <ClCompile Include="inject.c">
      <Filter>Source Files</Filter>
    </ClCompile>
    <ClCompile Include="gootkit.c">
      <Filter>Source Files</Filter>
    </ClCompile>
    <ClCompile Include="simda.c">
      <Filter>Source Files</Filter>
    </ClCompile>
    <ClCompile Include="carberp.c">
      <Filter>Source Files</Filter>
    </ClCompile>
    <ClCompile Include="..\shared\_strcat.c">
      <Filter>minirtl</Filter>
    </ClCompile>
    <ClCompile Include="..\shared\_strcmp.c">
      <Filter>minirtl</Filter>
    </ClCompile>
    <ClCompile Include="..\shared\_strcmpi.c">
      <Filter>minirtl</Filter>
    </ClCompile>
    <ClCompile Include="..\shared\_strcpy.c">
      <Filter>minirtl</Filter>
    </ClCompile>
    <ClCompile Include="..\shared\_strend.c">
      <Filter>minirtl</Filter>
    </ClCompile>
    <ClCompile Include="..\shared\_strlen.c">
      <Filter>minirtl</Filter>
    </ClCompile>
    <ClCompile Include="..\shared\_strncmp.c">
      <Filter>minirtl</Filter>
    </ClCompile>
    <ClCompile Include="..\shared\_strncmpi.c">
      <Filter>minirtl</Filter>
    </ClCompile>
    <ClCompile Include="..\shared\_strncpy.c">
      <Filter>minirtl</Filter>
    </ClCompile>
    <ClCompile Include="..\Shared\strtoul.c">
      <Filter>minirtl</Filter>
    </ClCompile>
    <ClCompile Include="hybrids.c">
      <Filter>Source Files</Filter>
    </ClCompile>
    <ClCompile Include="makecab.c">
      <Filter>Source Files</Filter>
    </ClCompile>
    <ClCompile Include="..\Shared\ultostr.c">
      <Filter>minirtl</Filter>
    </ClCompile>
    <ClCompile Include="compress.c">
      <Filter>Source Files</Filter>
    </ClCompile>
  </ItemGroup>
  <ItemGroup>
    <ClInclude Include="cmdline.h">
      <Filter>Header Files</Filter>
    </ClInclude>
    <ClInclude Include="global.h">
      <Filter>Header Files</Filter>
    </ClInclude>
    <ClInclude Include="inject.h">
      <Filter>Header Files</Filter>
    </ClInclude>
    <ClInclude Include="sup.h">
      <Filter>Header Files</Filter>
    </ClInclude>
    <ClInclude Include="resource.h">
      <Filter>Header Files</Filter>
    </ClInclude>
    <ClInclude Include="pitou.h">
      <Filter>Header Files</Filter>
    </ClInclude>
    <ClInclude Include="gootkit.h">
      <Filter>Header Files</Filter>
    </ClInclude>
    <ClInclude Include="simda.h">
      <Filter>Header Files</Filter>
    </ClInclude>
    <ClInclude Include="apphelp.h">
      <Filter>Header Files</Filter>
    </ClInclude>
    <ClInclude Include="carberp.h">
      <Filter>Header Files</Filter>
    </ClInclude>
    <ClInclude Include="..\shared\minirtl.h">
      <Filter>Header Files</Filter>
    </ClInclude>
    <ClInclude Include="..\shared\rtltypes.h">
      <Filter>Header Files</Filter>
    </ClInclude>
    <ClInclude Include="hybrids.h">
      <Filter>Header Files</Filter>
    </ClInclude>
    <ClInclude Include="makecab.h">
      <Filter>Header Files</Filter>
    </ClInclude>
    <ClInclude Include="inazuma32.h">
      <Filter>Header Files\modules</Filter>
    </ClInclude>
    <ClInclude Include="compress.h">
      <Filter>Header Files</Filter>
    </ClInclude>
    <ClInclude Include="fubuki32comp.h">
      <Filter>Header Files\modules</Filter>
    </ClInclude>
    <ClInclude Include="fubuki64comp.h">
      <Filter>Header Files\modules</Filter>
    </ClInclude>
    <ClInclude Include="hibiki32comp.h">
      <Filter>Header Files\modules</Filter>
    </ClInclude>
    <ClInclude Include="hibiki64comp.h">
      <Filter>Header Files\modules</Filter>
    </ClInclude>
    <ClInclude Include="kongou64comp.h">
      <Filter>Header Files\modules</Filter>
    </ClInclude>
    <ClInclude Include="consts.h">
      <Filter>Header Files</Filter>
    </ClInclude>
    <ClInclude Include="kongou32comp.h">
      <Filter>Header Files\modules</Filter>
    </ClInclude>
  </ItemGroup>
  <ItemGroup>
    <ResourceCompile Include="Resource.rc">
      <Filter>Resource Files</Filter>
    </ResourceCompile>
  </ItemGroup>
</Project>