<?xml version="1.0" encoding="utf-8"?>
<Project ToolsVersion="4.0" xmlns="http://schemas.microsoft.com/developer/msbuild/2003">
  <ItemGroup>
    <Filter Include="Source Files">
      <UniqueIdentifier>{4FC737F1-C7A5-4376-A066-2A32D752A2FF}</UniqueIdentifier>
      <Extensions>cpp;c;cc;cxx;def;odl;idl;hpj;bat;asm;asmx</Extensions>
    </Filter>
    <Filter Include="Header Files">
      <UniqueIdentifier>{93995380-89BD-4b04-88EB-625FBE52EBFB}</UniqueIdentifier>
      <Extensions>h;hh;hpp;hxx;hm;inl;inc;xsd</Extensions>
    </Filter>
    <Filter Include="Resource Files">
      <UniqueIdentifier>{67DA6AB6-F800-4c08-8B7A-83BB121AAD01}</UniqueIdentifier>
      <Extensions>rc;ico;cur;bmp;dlg;rc2;rct;bin;rgs;gif;jpg;jpeg;jpe;resx;tiff;tif;png;wav;mfcribbon-ms</Extensions>
    </Filter>
    <Filter Include="minirtl">
      <UniqueIdentifier>{1caf2f34-af91-46be-aa2e-1893b0be628c}</UniqueIdentifier>
    </Filter>
    <Filter Include="testunits">
      <UniqueIdentifier>{c4fc1dcf-e216-4458-a377-e7203d627128}</UniqueIdentifier>
    </Filter>
    <Filter Include="Source Files\methods">
      <UniqueIdentifier>{6a18d07e-0b0d-455a-b4c2-1379f5934479}</UniqueIdentifier>
    </Filter>
    <Filter Include="ldr">
      <UniqueIdentifier>{751f7002-5a6c-4d2e-9296-3b8132e640f8}</UniqueIdentifier>
    </Filter>
    <Filter Include="appinfo">
      <UniqueIdentifier>{b3b23f8d-a79f-4195-85a2-ce0665938c27}</UniqueIdentifier>
    </Filter>
    <Filter Include="hde">
      <UniqueIdentifier>{1df8392c-a609-47c6-b987-44e7268833eb}</UniqueIdentifier>
    </Filter>
    <Filter Include="pcasvc">
      <UniqueIdentifier>{bf8226e8-2fd3-40d0-be5f-d04777becad3}</UniqueIdentifier>
    </Filter>
    <Filter Include="pcasvc\w7">
      <UniqueIdentifier>{b9dae49c-a48a-4bca-9c20-5ee013126ee8}</UniqueIdentifier>
    </Filter>
    <Filter Include="pcasvc\w8_10">
      <UniqueIdentifier>{3b1593e5-eb08-4b0d-a8a4-362b39344711}</UniqueIdentifier>
    </Filter>
  </ItemGroup>
  <ItemGroup>
    <ClCompile Include="main.c">
      <Filter>Source Files</Filter>
    </ClCompile>
    <ClCompile Include="sup.c">
      <Filter>Source Files</Filter>
    </ClCompile>
    <ClCompile Include="..\shared\_strcat.c">
      <Filter>minirtl</Filter>
    </ClCompile>
    <ClCompile Include="..\shared\_strcmp.c">
      <Filter>minirtl</Filter>
    </ClCompile>
    <ClCompile Include="..\shared\_strcmpi.c">
      <Filter>minirtl</Filter>
    </ClCompile>
    <ClCompile Include="..\shared\_strcpy.c">
      <Filter>minirtl</Filter>
    </ClCompile>
    <ClCompile Include="..\shared\_strend.c">
      <Filter>minirtl</Filter>
    </ClCompile>
    <ClCompile Include="..\shared\_strlen.c">
      <Filter>minirtl</Filter>
    </ClCompile>
    <ClCompile Include="..\shared\_strncmp.c">
      <Filter>minirtl</Filter>
    </ClCompile>
    <ClCompile Include="..\shared\_strncmpi.c">
      <Filter>minirtl</Filter>
    </ClCompile>
    <ClCompile Include="..\shared\_strncpy.c">
      <Filter>minirtl</Filter>
    </ClCompile>
    <ClCompile Include="..\Shared\strtoul.c">
      <Filter>minirtl</Filter>
    </ClCompile>
    <ClCompile Include="makecab.c">
      <Filter>Source Files</Filter>
    </ClCompile>
    <ClCompile Include="..\Shared\ultostr.c">
      <Filter>minirtl</Filter>
    </ClCompile>
    <ClCompile Include="compress.c">
      <Filter>Source Files</Filter>
    </ClCompile>
    <ClCompile Include="..\Shared\_filename.c">
      <Filter>minirtl</Filter>
    </ClCompile>
    <ClCompile Include="..\Shared\cmdline.c">
      <Filter>minirtl</Filter>
    </ClCompile>
    <ClCompile Include="..\Shared\_strstri.c">
      <Filter>minirtl</Filter>
    </ClCompile>
    <ClCompile Include="..\Shared\ultohex.c">
      <Filter>minirtl</Filter>
    </ClCompile>
    <ClCompile Include="tests\test.c">
      <Filter>testunits</Filter>
    </ClCompile>
    <ClCompile Include="methods\methods.c">
      <Filter>Source Files\methods</Filter>
    </ClCompile>
    <ClCompile Include="methods\hybrids.c">
      <Filter>Source Files\methods</Filter>
    </ClCompile>
    <ClCompile Include="..\Shared\ldr.c">
      <Filter>ldr</Filter>
    </ClCompile>
    <ClCompile Include="methods\tyranid.c">
      <Filter>Source Files\methods</Filter>
    </ClCompile>
    <ClCompile Include="methods\wusa.c">
      <Filter>Source Files\methods</Filter>
    </ClCompile>
    <ClCompile Include="aic.c">
      <Filter>Source Files</Filter>
    </ClCompile>
    <ClCompile Include="methods\hakril.c">
      <Filter>Source Files\methods</Filter>
    </ClCompile>
    <ClCompile Include="..\Shared\u64tohex.c">
      <Filter>minirtl</Filter>
    </ClCompile>
    <ClCompile Include="methods\api0cradle.c">
      <Filter>Source Files\methods</Filter>
    </ClCompile>
    <ClCompile Include="..\Shared\u64tostr.c">
      <Filter>minirtl</Filter>
    </ClCompile>
    <ClCompile Include="methods\comsup.c">
      <Filter>Source Files\methods</Filter>
    </ClCompile>
    <ClCompile Include="methods\rinn.c">
      <Filter>Source Files\methods</Filter>
    </ClCompile>
    <ClCompile Include="methods\dwells.c">
      <Filter>Source Files\methods</Filter>
    </ClCompile>
    <ClCompile Include="appinfo\x64\appinfo64.c">
      <Filter>appinfo</Filter>
    </ClCompile>
    <ClCompile Include="appinfo\x86-32\appinfo32.c">
      <Filter>appinfo</Filter>
    </ClCompile>
    <ClCompile Include="..\Shared\windefend.c">
      <Filter>Source Files</Filter>
    </ClCompile>
    <ClCompile Include="stub.c">
      <Filter>Source Files</Filter>
    </ClCompile>
    <ClCompile Include="methods\shellsup.c">
      <Filter>Source Files\methods</Filter>
    </ClCompile>
    <ClCompile Include="..\Shared\hde\hde64.c">
      <Filter>hde</Filter>
    </ClCompile>
    <ClCompile Include="methods\azagarampur.c">
      <Filter>Source Files\methods</Filter>
    </ClCompile>
    <ClCompile Include="pcasvc\w8_10\x64\pcasvc64.c">
      <Filter>pcasvc\w8_10</Filter>
    </ClCompile>
    <ClCompile Include="pcasvc\w8_10\x86-32\pcasvc32.c">
      <Filter>pcasvc\w8_10</Filter>
    </ClCompile>
    <ClCompile Include="pcasvc\w7\x64\pcasvc7_64.c">
      <Filter>pcasvc\w7</Filter>
    </ClCompile>
    <ClCompile Include="pcasvc\w7\x86-32\pcasvc7_32.c">
      <Filter>pcasvc\w7</Filter>
    </ClCompile>
    <ClCompile Include="fusutil.c">
      <Filter>Source Files</Filter>
    </ClCompile>
  </ItemGroup>
  <ItemGroup>
    <ClInclude Include="global.h">
      <Filter>Header Files</Filter>
    </ClInclude>
    <ClInclude Include="sup.h">
      <Filter>Header Files</Filter>
    </ClInclude>
    <ClInclude Include="resource.h">
      <Filter>Header Files</Filter>
    </ClInclude>
    <ClInclude Include="..\shared\minirtl.h">
      <Filter>Header Files</Filter>
    </ClInclude>
    <ClInclude Include="..\shared\rtltypes.h">
      <Filter>Header Files</Filter>
    </ClInclude>
    <ClInclude Include="makecab.h">
      <Filter>Header Files</Filter>
    </ClInclude>
    <ClInclude Include="compress.h">
      <Filter>Header Files</Filter>
    </ClInclude>
    <ClInclude Include="..\Shared\_filename.h">
      <Filter>minirtl</Filter>
    </ClInclude>
    <ClInclude Include="tests\test.h">
      <Filter>testunits</Filter>
    </ClInclude>
    <ClInclude Include="..\Shared\ldr.h">
      <Filter>ldr</Filter>
    </ClInclude>
    <ClInclude Include="aic.h">
      <Filter>Header Files</Filter>
    </ClInclude>
    <ClInclude Include="encresource.h">
      <Filter>Header Files</Filter>
    </ClInclude>
    <ClInclude Include="methods\api0cradle.h">
      <Filter>Source Files\methods</Filter>
    </ClInclude>
    <ClInclude Include="methods\comsup.h">
      <Filter>Source Files\methods</Filter>
    </ClInclude>
    <ClInclude Include="methods\dwells.h">
      <Filter>Source Files\methods</Filter>
    </ClInclude>
    <ClInclude Include="methods\elvint.h">
      <Filter>Source Files\methods</Filter>
    </ClInclude>
    <ClInclude Include="methods\hakril.h">
      <Filter>Source Files\methods</Filter>
    </ClInclude>
    <ClInclude Include="methods\hybrids.h">
      <Filter>Source Files\methods</Filter>
    </ClInclude>
    <ClInclude Include="methods\methods.h">
      <Filter>Source Files\methods</Filter>
    </ClInclude>
    <ClInclude Include="methods\rinn.h">
      <Filter>Source Files\methods</Filter>
    </ClInclude>
    <ClInclude Include="methods\tyranid.h">
      <Filter>Source Files\methods</Filter>
    </ClInclude>
    <ClInclude Include="methods\wusa.h">
      <Filter>Source Files\methods</Filter>
    </ClInclude>
    <ClInclude Include="..\Shared\windefend.h">
      <Filter>Header Files</Filter>
    </ClInclude>
    <ClInclude Include="..\Shared\shared.h">
      <Filter>Header Files</Filter>
    </ClInclude>
    <ClInclude Include="stub.h">
      <Filter>Header Files</Filter>
    </ClInclude>
    <ClInclude Include="methods\shellsup.h">
      <Filter>Source Files\methods</Filter>
    </ClInclude>
    <ClInclude Include="..\Shared\hde\hde64.h">
      <Filter>hde</Filter>
    </ClInclude>
    <ClInclude Include="..\Shared\hde\pstdint.h">
      <Filter>hde</Filter>
    </ClInclude>
    <ClInclude Include="..\Shared\hde\table64.h">
      <Filter>hde</Filter>
    </ClInclude>
    <ClInclude Include="methods\azagarampur.h">
      <Filter>Source Files\methods</Filter>
    </ClInclude>
    <ClInclude Include="uas.h">
      <Filter>Header Files</Filter>
    </ClInclude>
    <ClInclude Include="fusutil.h">
      <Filter>Header Files</Filter>
    </ClInclude>
  </ItemGroup>
  <ItemGroup>
    <ResourceCompile Include="Resource.rc">
      <Filter>Resource Files</Filter>
    </ResourceCompile>
    <ResourceCompile Include="bin32res.rc">
      <Filter>Resource Files</Filter>
    </ResourceCompile>
    <ResourceCompile Include="bin64res.rc">
      <Filter>Resource Files</Filter>
    </ResourceCompile>
  </ItemGroup>
  <ItemGroup>
    <Image Include="akagi.ico">
      <Filter>Resource Files</Filter>
    </Image>
  </ItemGroup>
  <ItemGroup>
    <None Include="export.def">
      <Filter>Header Files</Filter>
    </None>
  </ItemGroup>
</Project>