
Microsoft Visual Studio Solution File, Format Version 12.00
# Visual Studio Version 17
VisualStudioVersion = 17.2.32616.157
MinimumVisualStudioVersion = 10.0.40219.1
Project("{8BC9CEB8-8B4A-11D0-8D11-00A0C91BC942}") = "Akagi", "Akagi\uacme.vcxproj", "{210A3DB2-11E3-4BB4-BE7D-554935DCCA43}"
EndProject
Project("{8BC9CEB8-8B4A-11D0-8D11-00A0C91BC942}") = "Fubuki", "Fubuki\dll.vcxproj", "{23A2E629-DC9D-46EA-8B5A-F1D60566EA09}"
EndProject
Project("{2150E333-8FDC-42A3-9474-1A3956D46DE8}") = "shared", "shared", "{49552A73-F1A4-44FA-94C0-5CDD84F48717}"
	ProjectSection(SolutionItems) = preProject
		Shared\consts.h = Shared\consts.h
		Shared\libinc.h = Shared\libinc.h
		Shared\shared.h = Shared\shared.h
		Shared\util.c = Shared\util.c
		Shared\util.h = Shared\util.h
		Shared\windefend.c = Shared\windefend.c
		Shared\windefend.h = Shared\windefend.h
	EndProjectSection
EndProject
Project("{2150E333-8FDC-42A3-9474-1A3956D46DE8}") = "NanoDesu", "NanoDesu", "{04845492-BD9E-4EC6-ACA4-4A0A460B3508}"
EndProject
Project("{8BC9CEB8-8B4A-11D0-8D11-00A0C91BC942}") = "Naka", "Naka\Naka.vcxproj", "{3BEF8A16-981F-4C65-8AE7-C612B46BE446}"
EndProject
Project("{8BC9CEB8-8B4A-11D0-8D11-00A0C91BC942}") = "Yuubari", "Yuubari\Yuubari.vcxproj", "{304D5A8A-EF98-4E21-8F4D-91E66E0BECAC}"
EndProject
Project("{8BC9CEB8-8B4A-11D0-8D11-00A0C91BC942}") = "Akatsuki", "Akatsuki\Akatsuki.vcxproj", "{07EF7652-1C2D-478B-BB4B-F9560695A387}"
EndProject
Project("{2150E333-8FDC-42A3-9474-1A3956D46DE8}") = "minirtl", "minirtl", "{45D748AC-9B16-426E-808D-94662B0417F7}"
	ProjectSection(SolutionItems) = preProject
		Shared\cmdline.c = Shared\cmdline.c
		Shared\minirtl.h = Shared\minirtl.h
		Shared\rtltypes.h = Shared\rtltypes.h
		Shared\strtoul.c = Shared\strtoul.c
		Shared\u64tohex.c = Shared\u64tohex.c
		Shared\_filename.c = Shared\_filename.c
		Shared\_strcat.c = Shared\_strcat.c
		Shared\_strcmp.c = Shared\_strcmp.c
		Shared\_strcmpi.c = Shared\_strcmpi.c
		Shared\_strcpy.c = Shared\_strcpy.c
		Shared\_strend.c = Shared\_strend.c
		Shared\_strlen.c = Shared\_strlen.c
		Shared\_strncmp.c = Shared\_strncmp.c
		shared\_strncmpi.c = shared\_strncmpi.c
		Shared\_strncpy.c = Shared\_strncpy.c
		Shared\_strstri.c = Shared\_strstri.c
	EndProjectSection
EndProject
Project("{2150E333-8FDC-42A3-9474-1A3956D46DE8}") = "ntos", "ntos", "{876F1157-B68F-4D0A-B963-6157B266DDE5}"
	ProjectSection(SolutionItems) = preProject
		Shared\ntos\ntbuilds.h = Shared\ntos\ntbuilds.h
		Shared\ntos\ntos.h = Shared\ntos\ntos.h
		Shared\ntos\ntsxs.h = Shared\ntos\ntsxs.h
	EndProjectSection
EndProject
Global
	GlobalSection(SolutionConfigurationPlatforms) = preSolution
		Debug|Win32 = Debug|Win32
		Debug|x64 = Debug|x64
		DebugConsole|Win32 = DebugConsole|Win32
		DebugConsole|x64 = DebugConsole|x64
		Release|Win32 = Release|Win32
		Release|x64 = Release|x64
		ReleaseInternal|Win32 = ReleaseInternal|Win32
		ReleaseInternal|x64 = ReleaseInternal|x64
		ReleaseInternalConsole|Win32 = ReleaseInternalConsole|Win32
		ReleaseInternalConsole|x64 = ReleaseInternalConsole|x64
	EndGlobalSection
	GlobalSection(ProjectConfigurationPlatforms) = postSolution
		{210A3DB2-11E3-4BB4-BE7D-554935DCCA43}.Debug|Win32.ActiveCfg = Debug|Win32
		{210A3DB2-11E3-4BB4-BE7D-554935DCCA43}.Debug|Win32.Build.0 = Debug|Win32
		{210A3DB2-11E3-4BB4-BE7D-554935DCCA43}.Debug|x64.ActiveCfg = Debug|x64
		{210A3DB2-11E3-4BB4-BE7D-554935DCCA43}.Debug|x64.Build.0 = Debug|x64
		{210A3DB2-11E3-4BB4-BE7D-554935DCCA43}.DebugConsole|Win32.ActiveCfg = DebugConsole|Win32
		{210A3DB2-11E3-4BB4-BE7D-554935DCCA43}.DebugConsole|Win32.Build.0 = DebugConsole|Win32
		{210A3DB2-11E3-4BB4-BE7D-554935DCCA43}.DebugConsole|x64.ActiveCfg = DebugConsole|x64
		{210A3DB2-11E3-4BB4-BE7D-554935DCCA43}.DebugConsole|x64.Build.0 = DebugConsole|x64
		{210A3DB2-11E3-4BB4-BE7D-554935DCCA43}.Release|Win32.ActiveCfg = Release|Win32
		{210A3DB2-11E3-4BB4-BE7D-554935DCCA43}.Release|Win32.Build.0 = Release|Win32
		{210A3DB2-11E3-4BB4-BE7D-554935DCCA43}.Release|x64.ActiveCfg = Release|x64
		{210A3DB2-11E3-4BB4-BE7D-554935DCCA43}.Release|x64.Build.0 = Release|x64
		{210A3DB2-11E3-4BB4-BE7D-554935DCCA43}.ReleaseInternal|Win32.ActiveCfg = ReleaseInternal|Win32
		{210A3DB2-11E3-4BB4-BE7D-554935DCCA43}.ReleaseInternal|Win32.Build.0 = ReleaseInternal|Win32
		{210A3DB2-11E3-4BB4-BE7D-554935DCCA43}.ReleaseInternal|x64.ActiveCfg = ReleaseInternal|x64
		{210A3DB2-11E3-4BB4-BE7D-554935DCCA43}.ReleaseInternal|x64.Build.0 = ReleaseInternal|x64
		{210A3DB2-11E3-4BB4-BE7D-554935DCCA43}.ReleaseInternalConsole|Win32.ActiveCfg = ReleaseInternalConsole|Win32
		{210A3DB2-11E3-4BB4-BE7D-554935DCCA43}.ReleaseInternalConsole|Win32.Build.0 = ReleaseInternalConsole|Win32
		{210A3DB2-11E3-4BB4-BE7D-554935DCCA43}.ReleaseInternalConsole|x64.ActiveCfg = ReleaseInternalConsole|x64
		{210A3DB2-11E3-4BB4-BE7D-554935DCCA43}.ReleaseInternalConsole|x64.Build.0 = ReleaseInternalConsole|x64
		{23A2E629-DC9D-46EA-8B5A-F1D60566EA09}.Debug|Win32.ActiveCfg = Debug|Win32
		{23A2E629-DC9D-46EA-8B5A-F1D60566EA09}.Debug|Win32.Build.0 = Debug|Win32
		{23A2E629-DC9D-46EA-8B5A-F1D60566EA09}.Debug|x64.ActiveCfg = Debug|x64
		{23A2E629-DC9D-46EA-8B5A-F1D60566EA09}.DebugConsole|Win32.ActiveCfg = Debug|Win32
		{23A2E629-DC9D-46EA-8B5A-F1D60566EA09}.DebugConsole|Win32.Build.0 = Debug|Win32
		{23A2E629-DC9D-46EA-8B5A-F1D60566EA09}.DebugConsole|x64.ActiveCfg = Debug|x64
		{23A2E629-DC9D-46EA-8B5A-F1D60566EA09}.DebugConsole|x64.Build.0 = Debug|x64
		{23A2E629-DC9D-46EA-8B5A-F1D60566EA09}.Release|Win32.ActiveCfg = Release|Win32
		{23A2E629-DC9D-46EA-8B5A-F1D60566EA09}.Release|Win32.Build.0 = Release|Win32
		{23A2E629-DC9D-46EA-8B5A-F1D60566EA09}.Release|x64.ActiveCfg = Release|x64
		{23A2E629-DC9D-46EA-8B5A-F1D60566EA09}.Release|x64.Build.0 = Release|x64
		{23A2E629-DC9D-46EA-8B5A-F1D60566EA09}.ReleaseInternal|Win32.ActiveCfg = ReleaseInternal|Win32
		{23A2E629-DC9D-46EA-8B5A-F1D60566EA09}.ReleaseInternal|Win32.Build.0 = ReleaseInternal|Win32
		{23A2E629-DC9D-46EA-8B5A-F1D60566EA09}.ReleaseInternal|x64.ActiveCfg = ReleaseInternal|x64
		{23A2E629-DC9D-46EA-8B5A-F1D60566EA09}.ReleaseInternal|x64.Build.0 = ReleaseInternal|x64
		{23A2E629-DC9D-46EA-8B5A-F1D60566EA09}.ReleaseInternalConsole|Win32.ActiveCfg = ReleaseInternalConsole|x64
		{23A2E629-DC9D-46EA-8B5A-F1D60566EA09}.ReleaseInternalConsole|x64.ActiveCfg = ReleaseInternal|x64
		{23A2E629-DC9D-46EA-8B5A-F1D60566EA09}.ReleaseInternalConsole|x64.Build.0 = ReleaseInternal|x64
		{3BEF8A16-981F-4C65-8AE7-C612B46BE446}.Debug|Win32.ActiveCfg = Debug|Win32
		{3BEF8A16-981F-4C65-8AE7-C612B46BE446}.Debug|Win32.Build.0 = Debug|Win32
		{3BEF8A16-981F-4C65-8AE7-C612B46BE446}.Debug|x64.ActiveCfg = Debug|x64
		{3BEF8A16-981F-4C65-8AE7-C612B46BE446}.Debug|x64.Build.0 = Debug|x64
		{3BEF8A16-981F-4C65-8AE7-C612B46BE446}.DebugConsole|Win32.ActiveCfg = Debug|Win32
		{3BEF8A16-981F-4C65-8AE7-C612B46BE446}.DebugConsole|Win32.Build.0 = Debug|Win32
		{3BEF8A16-981F-4C65-8AE7-C612B46BE446}.DebugConsole|x64.ActiveCfg = Debug|x64
		{3BEF8A16-981F-4C65-8AE7-C612B46BE446}.DebugConsole|x64.Build.0 = Debug|x64
		{3BEF8A16-981F-4C65-8AE7-C612B46BE446}.Release|Win32.ActiveCfg = Release|Win32
		{3BEF8A16-981F-4C65-8AE7-C612B46BE446}.Release|Win32.Build.0 = Release|Win32
		{3BEF8A16-981F-4C65-8AE7-C612B46BE446}.Release|x64.ActiveCfg = Release|x64
		{3BEF8A16-981F-4C65-8AE7-C612B46BE446}.Release|x64.Build.0 = Release|x64
		{3BEF8A16-981F-4C65-8AE7-C612B46BE446}.ReleaseInternal|Win32.ActiveCfg = ReleaseInternal|Win32
		{3BEF8A16-981F-4C65-8AE7-C612B46BE446}.ReleaseInternal|Win32.Build.0 = ReleaseInternal|Win32
		{3BEF8A16-981F-4C65-8AE7-C612B46BE446}.ReleaseInternal|x64.ActiveCfg = ReleaseInternal|x64
		{3BEF8A16-981F-4C65-8AE7-C612B46BE446}.ReleaseInternal|x64.Build.0 = ReleaseInternal|x64
		{3BEF8A16-981F-4C65-8AE7-C612B46BE446}.ReleaseInternalConsole|Win32.ActiveCfg = ReleaseInternalConsole|x64
		{3BEF8A16-981F-4C65-8AE7-C612B46BE446}.ReleaseInternalConsole|x64.ActiveCfg = ReleaseInternal|x64
		{3BEF8A16-981F-4C65-8AE7-C612B46BE446}.ReleaseInternalConsole|x64.Build.0 = ReleaseInternal|x64
		{304D5A8A-EF98-4E21-8F4D-91E66E0BECAC}.Debug|Win32.ActiveCfg = Debug|x64
		{304D5A8A-EF98-4E21-8F4D-91E66E0BECAC}.Debug|x64.ActiveCfg = Debug|x64
		{304D5A8A-EF98-4E21-8F4D-91E66E0BECAC}.Debug|x64.Build.0 = Debug|x64
		{304D5A8A-EF98-4E21-8F4D-91E66E0BECAC}.DebugConsole|Win32.ActiveCfg = Debug|x64
		{304D5A8A-EF98-4E21-8F4D-91E66E0BECAC}.DebugConsole|Win32.Build.0 = Debug|x64
		{304D5A8A-EF98-4E21-8F4D-91E66E0BECAC}.DebugConsole|x64.ActiveCfg = Debug|x64
		{304D5A8A-EF98-4E21-8F4D-91E66E0BECAC}.DebugConsole|x64.Build.0 = Debug|x64
		{304D5A8A-EF98-4E21-8F4D-91E66E0BECAC}.Release|Win32.ActiveCfg = Release|x64
		{304D5A8A-EF98-4E21-8F4D-91E66E0BECAC}.Release|x64.ActiveCfg = Release|x64
		{304D5A8A-EF98-4E21-8F4D-91E66E0BECAC}.Release|x64.Build.0 = Release|x64
		{304D5A8A-EF98-4E21-8F4D-91E66E0BECAC}.ReleaseInternal|Win32.ActiveCfg = ReleaseInternal|x64
		{304D5A8A-EF98-4E21-8F4D-91E66E0BECAC}.ReleaseInternal|Win32.Build.0 = ReleaseInternal|x64
		{304D5A8A-EF98-4E21-8F4D-91E66E0BECAC}.ReleaseInternal|x64.ActiveCfg = ReleaseInternal|x64
		{304D5A8A-EF98-4E21-8F4D-91E66E0BECAC}.ReleaseInternal|x64.Build.0 = ReleaseInternal|x64
		{304D5A8A-EF98-4E21-8F4D-91E66E0BECAC}.ReleaseInternalConsole|Win32.ActiveCfg = ReleaseInternalConsole|x64
		{304D5A8A-EF98-4E21-8F4D-91E66E0BECAC}.ReleaseInternalConsole|Win32.Build.0 = ReleaseInternalConsole|x64
		{304D5A8A-EF98-4E21-8F4D-91E66E0BECAC}.ReleaseInternalConsole|x64.ActiveCfg = ReleaseInternal|x64
		{304D5A8A-EF98-4E21-8F4D-91E66E0BECAC}.ReleaseInternalConsole|x64.Build.0 = ReleaseInternal|x64
		{07EF7652-1C2D-478B-BB4B-F9560695A387}.Debug|Win32.ActiveCfg = Debug|x64
		{07EF7652-1C2D-478B-BB4B-F9560695A387}.Debug|x64.ActiveCfg = Debug|x64
		{07EF7652-1C2D-478B-BB4B-F9560695A387}.Debug|x64.Build.0 = Debug|x64
		{07EF7652-1C2D-478B-BB4B-F9560695A387}.DebugConsole|Win32.ActiveCfg = Debug|x64
		{07EF7652-1C2D-478B-BB4B-F9560695A387}.DebugConsole|Win32.Build.0 = Debug|x64
		{07EF7652-1C2D-478B-BB4B-F9560695A387}.DebugConsole|x64.ActiveCfg = Debug|x64
		{07EF7652-1C2D-478B-BB4B-F9560695A387}.DebugConsole|x64.Build.0 = Debug|x64
		{07EF7652-1C2D-478B-BB4B-F9560695A387}.Release|Win32.ActiveCfg = Release|x64
		{07EF7652-1C2D-478B-BB4B-F9560695A387}.Release|x64.ActiveCfg = Release|x64
		{07EF7652-1C2D-478B-BB4B-F9560695A387}.Release|x64.Build.0 = Release|x64
		{07EF7652-1C2D-478B-BB4B-F9560695A387}.ReleaseInternal|Win32.ActiveCfg = ReleaseInternal|x64
		{07EF7652-1C2D-478B-BB4B-F9560695A387}.ReleaseInternal|Win32.Build.0 = ReleaseInternal|x64
		{07EF7652-1C2D-478B-BB4B-F9560695A387}.ReleaseInternal|x64.ActiveCfg = ReleaseInternal|x64
		{07EF7652-1C2D-478B-BB4B-F9560695A387}.ReleaseInternal|x64.Build.0 = ReleaseInternal|x64
		{07EF7652-1C2D-478B-BB4B-F9560695A387}.ReleaseInternalConsole|Win32.ActiveCfg = ReleaseInternalConsole|x64
		{07EF7652-1C2D-478B-BB4B-F9560695A387}.ReleaseInternalConsole|Win32.Build.0 = ReleaseInternalConsole|x64
		{07EF7652-1C2D-478B-BB4B-F9560695A387}.ReleaseInternalConsole|x64.ActiveCfg = ReleaseInternal|x64
		{07EF7652-1C2D-478B-BB4B-F9560695A387}.ReleaseInternalConsole|x64.Build.0 = ReleaseInternal|x64
	EndGlobalSection
	GlobalSection(SolutionProperties) = preSolution
		HideSolutionNode = FALSE
	EndGlobalSection
	GlobalSection(NestedProjects) = preSolution
		{23A2E629-DC9D-46EA-8B5A-F1D60566EA09} = {04845492-BD9E-4EC6-ACA4-4A0A460B3508}
		{3BEF8A16-981F-4C65-8AE7-C612B46BE446} = {04845492-BD9E-4EC6-ACA4-4A0A460B3508}
		{07EF7652-1C2D-478B-BB4B-F9560695A387} = {04845492-BD9E-4EC6-ACA4-4A0A460B3508}
		{45D748AC-9B16-426E-808D-94662B0417F7} = {49552A73-F1A4-44FA-94C0-5CDD84F48717}
		{876F1157-B68F-4D0A-B963-6157B266DDE5} = {49552A73-F1A4-44FA-94C0-5CDD84F48717}
	EndGlobalSection
	GlobalSection(ExtensibilityGlobals) = postSolution
		SolutionGuid = {34101EC9-C266-4BF6-AC89-898FF5B54501}
	EndGlobalSection
EndGlobal
