
Microsoft Visual Studio Solution File, Format Version 12.00
# Visual Studio 14
VisualStudioVersion = 14.0.25420.1
MinimumVisualStudioVersion = 10.0.40219.1
Project("{8BC9CEB8-8B4A-11D0-8D11-00A0C91BC942}") = "Akagi", "Akagi\uacme.vcxproj", "{210A3DB2-11E3-4BB4-BE7D-554935DCCA43}"
EndProject
Project("{8BC9CEB8-8B4A-11D0-8D11-00A0C91BC942}") = "Fubuki", "Fubuki\dll.vcxproj", "{23A2E629-DC9D-46EA-8B5A-F1D60566EA09}"
EndProject
Project("{2150E333-8FDC-42A3-9474-1A3956D46DE8}") = "shared", "shared", "{49552A73-F1A4-44FA-94C0-5CDD84F48717}"
	ProjectSection(SolutionItems) = preProject
		Shared\_filename.c = Shared\_filename.c
		shared\_strcat.c = shared\_strcat.c
		shared\_strcmp.c = shared\_strcmp.c
		shared\_strcmpi.c = shared\_strcmpi.c
		shared\_strcpy.c = shared\_strcpy.c
		shared\_strend.c = shared\_strend.c
		shared\_strlen.c = shared\_strlen.c
		shared\_strncmp.c = shared\_strncmp.c
		shared\_strncmpi.c = shared\_strncmpi.c
		shared\_strncpy.c = shared\_strncpy.c
		Shared\cmdline.c = Shared\cmdline.c
		shared\minirtl.h = shared\minirtl.h
		shared\ntos.h = shared\ntos.h
		Shared\ntsxs.h = Shared\ntsxs.h
		shared\rtltypes.h = shared\rtltypes.h
		Shared\strtoul.c = Shared\strtoul.c
	EndProjectSection
EndProject
Project("{8BC9CEB8-8B4A-11D0-8D11-00A0C91BC942}") = "Hibiki", "Hibiki\Hibiki.vcxproj", "{31CD69DD-2040-4E43-86F5-921E182F3F43}"
EndProject
Project("{2150E333-8FDC-42A3-9474-1A3956D46DE8}") = "NanoDesu", "NanoDesu", "{04845492-BD9E-4EC6-ACA4-4A0A460B3508}"
EndProject
Project("{8BC9CEB8-8B4A-11D0-8D11-00A0C91BC942}") = "Inazuma", "Inazuma\Inazuma.vcxproj", "{FDA7B084-4940-482B-B200-3B2A37C2099A}"
EndProject
Project("{8BC9CEB8-8B4A-11D0-8D11-00A0C91BC942}") = "Ikazuchi", "Ikazuchi\Ikazuchi.vcxproj", "{EAE04371-B7CD-45A7-883E-90284DF23E0C}"
EndProject
Project("{8BC9CEB8-8B4A-11D0-8D11-00A0C91BC942}") = "Naka", "Naka\Naka.vcxproj", "{3BEF8A16-981F-4C65-8AE7-C612B46BE446}"
EndProject
Project("{8BC9CEB8-8B4A-11D0-8D11-00A0C91BC942}") = "Yuubari", "Yuubari\Yuubari.vcxproj", "{304D5A8A-EF98-4E21-8F4D-91E66E0BECAC}"
EndProject
Project("{8BC9CEB8-8B4A-11D0-8D11-00A0C91BC942}") = "Akatsuki", "Akatsuki\Akatsuki.vcxproj", "{07EF7652-1C2D-478B-BB4B-F9560695A387}"
EndProject
Global
	GlobalSection(SolutionConfigurationPlatforms) = preSolution
		Debug|Win32 = Debug|Win32
		Debug|x64 = Debug|x64
		Release|Win32 = Release|Win32
		Release|x64 = Release|x64
		ReleaseInternal|Win32 = ReleaseInternal|Win32
		ReleaseInternal|x64 = ReleaseInternal|x64
	EndGlobalSection
	GlobalSection(ProjectConfigurationPlatforms) = postSolution
		{210A3DB2-11E3-4BB4-BE7D-554935DCCA43}.Debug|Win32.ActiveCfg = Debug|Win32
		{210A3DB2-11E3-4BB4-BE7D-554935DCCA43}.Debug|Win32.Build.0 = Debug|Win32
		{210A3DB2-11E3-4BB4-BE7D-554935DCCA43}.Debug|x64.ActiveCfg = Debug|x64
		{210A3DB2-11E3-4BB4-BE7D-554935DCCA43}.Debug|x64.Build.0 = Debug|x64
		{210A3DB2-11E3-4BB4-BE7D-554935DCCA43}.Release|Win32.ActiveCfg = Release|Win32
		{210A3DB2-11E3-4BB4-BE7D-554935DCCA43}.Release|Win32.Build.0 = Release|Win32
		{210A3DB2-11E3-4BB4-BE7D-554935DCCA43}.Release|x64.ActiveCfg = Release|x64
		{210A3DB2-11E3-4BB4-BE7D-554935DCCA43}.Release|x64.Build.0 = Release|x64
		{210A3DB2-11E3-4BB4-BE7D-554935DCCA43}.ReleaseInternal|Win32.ActiveCfg = ReleaseInternal|Win32
		{210A3DB2-11E3-4BB4-BE7D-554935DCCA43}.ReleaseInternal|Win32.Build.0 = ReleaseInternal|Win32
		{210A3DB2-11E3-4BB4-BE7D-554935DCCA43}.ReleaseInternal|x64.ActiveCfg = ReleaseInternal|x64
		{210A3DB2-11E3-4BB4-BE7D-554935DCCA43}.ReleaseInternal|x64.Build.0 = ReleaseInternal|x64
		{23A2E629-DC9D-46EA-8B5A-F1D60566EA09}.Debug|Win32.ActiveCfg = Release|Win32
		{23A2E629-DC9D-46EA-8B5A-F1D60566EA09}.Debug|Win32.Build.0 = Release|Win32
		{23A2E629-DC9D-46EA-8B5A-F1D60566EA09}.Debug|x64.ActiveCfg = Debug|x64
		{23A2E629-DC9D-46EA-8B5A-F1D60566EA09}.Release|Win32.ActiveCfg = Release|Win32
		{23A2E629-DC9D-46EA-8B5A-F1D60566EA09}.Release|Win32.Build.0 = Release|Win32
		{23A2E629-DC9D-46EA-8B5A-F1D60566EA09}.Release|x64.ActiveCfg = Release|x64
		{23A2E629-DC9D-46EA-8B5A-F1D60566EA09}.Release|x64.Build.0 = Release|x64
		{23A2E629-DC9D-46EA-8B5A-F1D60566EA09}.ReleaseInternal|Win32.ActiveCfg = Release|Win32
		{23A2E629-DC9D-46EA-8B5A-F1D60566EA09}.ReleaseInternal|Win32.Build.0 = Release|Win32
		{23A2E629-DC9D-46EA-8B5A-F1D60566EA09}.ReleaseInternal|x64.ActiveCfg = Release|x64
		{23A2E629-DC9D-46EA-8B5A-F1D60566EA09}.ReleaseInternal|x64.Build.0 = Release|x64
		{31CD69DD-2040-4E43-86F5-921E182F3F43}.Debug|Win32.ActiveCfg = Debug|Win32
		{31CD69DD-2040-4E43-86F5-921E182F3F43}.Debug|Win32.Build.0 = Debug|Win32
		{31CD69DD-2040-4E43-86F5-921E182F3F43}.Debug|x64.ActiveCfg = Debug|x64
		{31CD69DD-2040-4E43-86F5-921E182F3F43}.Release|Win32.ActiveCfg = Release|Win32
		{31CD69DD-2040-4E43-86F5-921E182F3F43}.Release|Win32.Build.0 = Release|Win32
		{31CD69DD-2040-4E43-86F5-921E182F3F43}.Release|x64.ActiveCfg = Release|x64
		{31CD69DD-2040-4E43-86F5-921E182F3F43}.ReleaseInternal|Win32.ActiveCfg = Release|Win32
		{31CD69DD-2040-4E43-86F5-921E182F3F43}.ReleaseInternal|Win32.Build.0 = Release|Win32
		{31CD69DD-2040-4E43-86F5-921E182F3F43}.ReleaseInternal|x64.ActiveCfg = Release|x64
		{31CD69DD-2040-4E43-86F5-921E182F3F43}.ReleaseInternal|x64.Build.0 = Release|x64
		{FDA7B084-4940-482B-B200-3B2A37C2099A}.Debug|Win32.ActiveCfg = Debug|Win32
		{FDA7B084-4940-482B-B200-3B2A37C2099A}.Debug|Win32.Build.0 = Debug|Win32
		{FDA7B084-4940-482B-B200-3B2A37C2099A}.Debug|x64.ActiveCfg = Debug|Win32
		{FDA7B084-4940-482B-B200-3B2A37C2099A}.Release|Win32.ActiveCfg = Release|Win32
		{FDA7B084-4940-482B-B200-3B2A37C2099A}.Release|Win32.Build.0 = Release|Win32
		{FDA7B084-4940-482B-B200-3B2A37C2099A}.Release|x64.ActiveCfg = Release|Win32
		{FDA7B084-4940-482B-B200-3B2A37C2099A}.ReleaseInternal|Win32.ActiveCfg = Release|Win32
		{FDA7B084-4940-482B-B200-3B2A37C2099A}.ReleaseInternal|Win32.Build.0 = Release|Win32
		{FDA7B084-4940-482B-B200-3B2A37C2099A}.ReleaseInternal|x64.ActiveCfg = Release|Win32
		{FDA7B084-4940-482B-B200-3B2A37C2099A}.ReleaseInternal|x64.Build.0 = Release|Win32
		{EAE04371-B7CD-45A7-883E-90284DF23E0C}.Debug|Win32.ActiveCfg = Debug|Win32
		{EAE04371-B7CD-45A7-883E-90284DF23E0C}.Debug|Win32.Build.0 = Debug|Win32
		{EAE04371-B7CD-45A7-883E-90284DF23E0C}.Debug|x64.ActiveCfg = Debug|x64
		{EAE04371-B7CD-45A7-883E-90284DF23E0C}.Debug|x64.Build.0 = Debug|x64
		{EAE04371-B7CD-45A7-883E-90284DF23E0C}.Release|Win32.ActiveCfg = Release|Win32
		{EAE04371-B7CD-45A7-883E-90284DF23E0C}.Release|Win32.Build.0 = Release|Win32
		{EAE04371-B7CD-45A7-883E-90284DF23E0C}.Release|x64.ActiveCfg = Release|x64
		{EAE04371-B7CD-45A7-883E-90284DF23E0C}.Release|x64.Build.0 = Release|x64
		{EAE04371-B7CD-45A7-883E-90284DF23E0C}.ReleaseInternal|Win32.ActiveCfg = Release|Win32
		{EAE04371-B7CD-45A7-883E-90284DF23E0C}.ReleaseInternal|Win32.Build.0 = Release|Win32
		{EAE04371-B7CD-45A7-883E-90284DF23E0C}.ReleaseInternal|x64.ActiveCfg = Release|x64
		{EAE04371-B7CD-45A7-883E-90284DF23E0C}.ReleaseInternal|x64.Build.0 = Release|x64
		{3BEF8A16-981F-4C65-8AE7-C612B46BE446}.Debug|Win32.ActiveCfg = Debug|Win32
		{3BEF8A16-981F-4C65-8AE7-C612B46BE446}.Debug|Win32.Build.0 = Debug|Win32
		{3BEF8A16-981F-4C65-8AE7-C612B46BE446}.Debug|x64.ActiveCfg = Debug|x64
		{3BEF8A16-981F-4C65-8AE7-C612B46BE446}.Debug|x64.Build.0 = Debug|x64
		{3BEF8A16-981F-4C65-8AE7-C612B46BE446}.Release|Win32.ActiveCfg = Release|Win32
		{3BEF8A16-981F-4C65-8AE7-C612B46BE446}.Release|Win32.Build.0 = Release|Win32
		{3BEF8A16-981F-4C65-8AE7-C612B46BE446}.Release|x64.ActiveCfg = ReleaseInternal|x64
		{3BEF8A16-981F-4C65-8AE7-C612B46BE446}.Release|x64.Build.0 = ReleaseInternal|x64
		{3BEF8A16-981F-4C65-8AE7-C612B46BE446}.ReleaseInternal|Win32.ActiveCfg = Release|Win32
		{3BEF8A16-981F-4C65-8AE7-C612B46BE446}.ReleaseInternal|Win32.Build.0 = Release|Win32
		{3BEF8A16-981F-4C65-8AE7-C612B46BE446}.ReleaseInternal|x64.ActiveCfg = Release|x64
		{3BEF8A16-981F-4C65-8AE7-C612B46BE446}.ReleaseInternal|x64.Build.0 = Release|x64
		{304D5A8A-EF98-4E21-8F4D-91E66E0BECAC}.Debug|Win32.ActiveCfg = Debug|x64
		{304D5A8A-EF98-4E21-8F4D-91E66E0BECAC}.Debug|x64.ActiveCfg = Debug|x64
		{304D5A8A-EF98-4E21-8F4D-91E66E0BECAC}.Debug|x64.Build.0 = Debug|x64
		{304D5A8A-EF98-4E21-8F4D-91E66E0BECAC}.Release|Win32.ActiveCfg = Release|x64
		{304D5A8A-EF98-4E21-8F4D-91E66E0BECAC}.Release|x64.ActiveCfg = Release|x64
		{304D5A8A-EF98-4E21-8F4D-91E66E0BECAC}.Release|x64.Build.0 = Release|x64
		{304D5A8A-EF98-4E21-8F4D-91E66E0BECAC}.ReleaseInternal|Win32.ActiveCfg = Release|x64
		{304D5A8A-EF98-4E21-8F4D-91E66E0BECAC}.ReleaseInternal|Win32.Build.0 = Release|x64
		{304D5A8A-EF98-4E21-8F4D-91E66E0BECAC}.ReleaseInternal|x64.ActiveCfg = Release|x64
		{304D5A8A-EF98-4E21-8F4D-91E66E0BECAC}.ReleaseInternal|x64.Build.0 = Release|x64
		{07EF7652-1C2D-478B-BB4B-F9560695A387}.Debug|Win32.ActiveCfg = Debug|x64
		{07EF7652-1C2D-478B-BB4B-F9560695A387}.Debug|x64.ActiveCfg = Debug|x64
		{07EF7652-1C2D-478B-BB4B-F9560695A387}.Debug|x64.Build.0 = Debug|x64
		{07EF7652-1C2D-478B-BB4B-F9560695A387}.Release|Win32.ActiveCfg = Release|x64
		{07EF7652-1C2D-478B-BB4B-F9560695A387}.Release|x64.ActiveCfg = Release|x64
		{07EF7652-1C2D-478B-BB4B-F9560695A387}.Release|x64.Build.0 = Release|x64
		{07EF7652-1C2D-478B-BB4B-F9560695A387}.ReleaseInternal|Win32.ActiveCfg = Release|x64
		{07EF7652-1C2D-478B-BB4B-F9560695A387}.ReleaseInternal|Win32.Build.0 = Release|x64
		{07EF7652-1C2D-478B-BB4B-F9560695A387}.ReleaseInternal|x64.ActiveCfg = Release|x64
		{07EF7652-1C2D-478B-BB4B-F9560695A387}.ReleaseInternal|x64.Build.0 = Release|x64
	EndGlobalSection
	GlobalSection(SolutionProperties) = preSolution
		HideSolutionNode = FALSE
	EndGlobalSection
	GlobalSection(NestedProjects) = preSolution
		{23A2E629-DC9D-46EA-8B5A-F1D60566EA09} = {04845492-BD9E-4EC6-ACA4-4A0A460B3508}
		{31CD69DD-2040-4E43-86F5-921E182F3F43} = {04845492-BD9E-4EC6-ACA4-4A0A460B3508}
		{FDA7B084-4940-482B-B200-3B2A37C2099A} = {04845492-BD9E-4EC6-ACA4-4A0A460B3508}
		{EAE04371-B7CD-45A7-883E-90284DF23E0C} = {04845492-BD9E-4EC6-ACA4-4A0A460B3508}
		{3BEF8A16-981F-4C65-8AE7-C612B46BE446} = {04845492-BD9E-4EC6-ACA4-4A0A460B3508}
		{07EF7652-1C2D-478B-BB4B-F9560695A387} = {04845492-BD9E-4EC6-ACA4-4A0A460B3508}
	EndGlobalSection
EndGlobal
